
Microsoft Visual Studio Solution File, Format Version 12.00
# Visual Studio 15
VisualStudioVersion = 15.0.34320.172
MinimumVisualStudioVersion = 10.0.40219.1
Project("{8BC9CEB8-8B4A-11D0-8D11-00A0C91BC942}") = "Project18", "Project18\Project18.vcxproj", "{4C63141F-C833-4981-90F5-6F7BE6EC240B}"
EndProject
Global
	GlobalSection(SolutionConfigurationPlatforms) = preSolution
		Debug|x64 = Debug|x64
		Debug|x86 = Debug|x86
		Release|x64 = Release|x64
		Release|x86 = Release|x86
	EndGlobalSection
	GlobalSection(ProjectConfigurationPlatforms) = postSolution
		{4C63141F-C833-4981-90F5-6F7BE6EC240B}.Debug|x64.ActiveCfg = Debug|x64
		{4C63141F-C833-4981-90F5-6F7BE6EC240B}.Debug|x64.Build.0 = Debug|x64
		{4C63141F-C833-4981-90F5-6F7BE6EC240B}.Debug|x86.ActiveCfg = Debug|Win32
		{4C63141F-C833-4981-90F5-6F7BE6EC240B}.Debug|x86.Build.0 = Debug|Win32
		{4C63141F-C833-4981-90F5-6F7BE6EC240B}.Release|x64.ActiveCfg = Release|x64
		{4C63141F-C833-4981-90F5-6F7BE6EC240B}.Release|x64.Build.0 = Release|x64
		{4C63141F-C833-4981-90F5-6F7BE6EC240B}.Release|x86.ActiveCfg = Release|Win32
		{4C63141F-C833-4981-90F5-6F7BE6EC240B}.Release|x86.Build.0 = Release|Win32
	EndGlobalSection
	GlobalSection(SolutionProperties) = preSolution
		HideSolutionNode = FALSE
	EndGlobalSection
	GlobalSection(ExtensibilityGlobals) = postSolution
		SolutionGuid = {BB8210FD-5B38-419D-8CBF-281CBCEA3653}
	EndGlobalSection
EndGlobal
